
Microsoft Visual Studio Solution File, Format Version 12.00
# Visual Studio Version 16
VisualStudioVersion = 16.0.30128.74
MinimumVisualStudioVersion = 10.0.40219.1
Project("{9A19103F-16F7-4668-BE54-9A1E7A4F7556}") = "e-commerce-cp", "e-commerce-cp.csproj", "{1FDDAF34-ED24-4427-BDCB-0410832254F0}"
EndProject
Project("{FAE04EC0-301F-11D3-BF4B-00C04F79EFBC}") = "e-commerce-cp.UnitTests", "..\e-commerce-cp.UnitTests\e-commerce-cp.UnitTests.csproj", "{F505DB7E-F544-4BBC-87C1-F28B2742A26E}"
EndProject
Global
	GlobalSection(SolutionConfigurationPlatforms) = preSolution
		Debug|Any CPU = Debug|Any CPU
		Release|Any CPU = Release|Any CPU
	EndGlobalSection
	GlobalSection(ProjectConfigurationPlatforms) = postSolution
		{1FDDAF34-ED24-4427-BDCB-0410832254F0}.Debug|Any CPU.ActiveCfg = Debug|Any CPU
		{1FDDAF34-ED24-4427-BDCB-0410832254F0}.Debug|Any CPU.Build.0 = Debug|Any CPU
		{1FDDAF34-ED24-4427-BDCB-0410832254F0}.Release|Any CPU.ActiveCfg = Release|Any CPU
		{1FDDAF34-ED24-4427-BDCB-0410832254F0}.Release|Any CPU.Build.0 = Release|Any CPU
		{F505DB7E-F544-4BBC-87C1-F28B2742A26E}.Debug|Any CPU.ActiveCfg = Debug|Any CPU
		{F505DB7E-F544-4BBC-87C1-F28B2742A26E}.Debug|Any CPU.Build.0 = Debug|Any CPU
		{F505DB7E-F544-4BBC-87C1-F28B2742A26E}.Release|Any CPU.ActiveCfg = Release|Any CPU
		{F505DB7E-F544-4BBC-87C1-F28B2742A26E}.Release|Any CPU.Build.0 = Release|Any CPU
	EndGlobalSection
	GlobalSection(SolutionProperties) = preSolution
		HideSolutionNode = FALSE
	EndGlobalSection
	GlobalSection(ExtensibilityGlobals) = postSolution
		SolutionGuid = {895DEFE3-1178-4ECE-92F8-DE6048C53D9A}
	EndGlobalSection
EndGlobal
